
Microsoft Visual Studio Solution File, Format Version 12.00
# Visual Studio Version 17
VisualStudioVersion = 17.14.36414.22
MinimumVisualStudioVersion = 10.0.40219.1
Project("{FAE04EC0-301F-11D3-BF4B-00C04F79EFBC}") = "legal-work-api", "legal-work-api\legal-work-api.csproj", "{046711C1-B5F8-460F-B517-E082D7932ABE}"
EndProject
Project("{FAE04EC0-301F-11D3-BF4B-00C04F79EFBC}") = "legal-work-api.Tests", "legal-work-api.Tests\legal-work-api.Tests.csproj", "{82F1CF1B-DA40-46EC-8F0B-BC21128BDABE}"
EndProject
Global
	GlobalSection(SolutionConfigurationPlatforms) = preSolution
		Debug|Any CPU = Debug|Any CPU
		Release|Any CPU = Release|Any CPU
	EndGlobalSection
	GlobalSection(ProjectConfigurationPlatforms) = postSolution
		{046711C1-B5F8-460F-B517-E082D7932ABE}.Debug|Any CPU.ActiveCfg = Debug|Any CPU
		{046711C1-B5F8-460F-B517-E082D7932ABE}.Debug|Any CPU.Build.0 = Debug|Any CPU
		{046711C1-B5F8-460F-B517-E082D7932ABE}.Release|Any CPU.ActiveCfg = Release|Any CPU
		{046711C1-B5F8-460F-B517-E082D7932ABE}.Release|Any CPU.Build.0 = Release|Any CPU
		{82F1CF1B-DA40-46EC-8F0B-BC21128BDABE}.Debug|Any CPU.ActiveCfg = Debug|Any CPU
		{82F1CF1B-DA40-46EC-8F0B-BC21128BDABE}.Debug|Any CPU.Build.0 = Debug|Any CPU
		{82F1CF1B-DA40-46EC-8F0B-BC21128BDABE}.Release|Any CPU.ActiveCfg = Release|Any CPU
		{82F1CF1B-DA40-46EC-8F0B-BC21128BDABE}.Release|Any CPU.Build.0 = Release|Any CPU
	EndGlobalSection
	GlobalSection(SolutionProperties) = preSolution
		HideSolutionNode = FALSE
	EndGlobalSection
	GlobalSection(ExtensibilityGlobals) = postSolution
		SolutionGuid = {26D3E71F-7706-4C3F-B083-B94273DB54F6}
	EndGlobalSection
EndGlobal
